
Microsoft Visual Studio Solution File, Format Version 12.00
# Visual Studio Version 16
VisualStudioVersion = 16.0.28803.352
MinimumVisualStudioVersion = 10.0.40219.1
Project("{8BC9CEB8-8B4A-11D0-8D11-00A0C91BC942}") = "OUCH", "OUCH.vcxproj", "{5DD36497-0FC9-4265-BDEC-9B9EFC69E7AF}"
EndProject
Global
	GlobalSection(SolutionConfigurationPlatforms) = preSolution
		Debug|x64 = Debug|x64
		Debug|x86 = Debug|x86
		Release|x64 = Release|x64
		Release|x86 = Release|x86
	EndGlobalSection
	GlobalSection(ProjectConfigurationPlatforms) = postSolution
		{5DD36497-0FC9-4265-BDEC-9B9EFC69E7AF}.Debug|x64.ActiveCfg = Debug|x64
		{5DD36497-0FC9-4265-BDEC-9B9EFC69E7AF}.Debug|x64.Build.0 = Debug|x64
		{5DD36497-0FC9-4265-BDEC-9B9EFC69E7AF}.Debug|x86.ActiveCfg = Debug|Win32
		{5DD36497-0FC9-4265-BDEC-9B9EFC69E7AF}.Debug|x86.Build.0 = Debug|Win32
		{5DD36497-0FC9-4265-BDEC-9B9EFC69E7AF}.Release|x64.ActiveCfg = Release|x64
		{5DD36497-0FC9-4265-BDEC-9B9EFC69E7AF}.Release|x64.Build.0 = Release|x64
		{5DD36497-0FC9-4265-BDEC-9B9EFC69E7AF}.Release|x86.ActiveCfg = Release|Win32
		{5DD36497-0FC9-4265-BDEC-9B9EFC69E7AF}.Release|x86.Build.0 = Release|Win32
	EndGlobalSection
	GlobalSection(SolutionProperties) = preSolution
		HideSolutionNode = FALSE
	EndGlobalSection
	GlobalSection(ExtensibilityGlobals) = postSolution
		SolutionGuid = {38E064BF-B3D4-40C3-BB4F-6431F3232A83}
	EndGlobalSection
EndGlobal
